# This file is autogenerated, do not edit; changes may be undone by the next 'dep ensure'.


[[projects]]
  branch = "master"
  digest = "1:591ed4cd455655a86989ac4e6517ae90694c6f4c0807534d8f511fd6a3580f55"
  name = "github.com/extrame/goyymmdd"
  packages = ["."]
  pruneopts = "UT"
  revision = "914eb450555b9231a6b67c37ac6ab244cee3a633"

[[projects]]
  branch = "master"
  digest = "1:29399f4b7966fee16266720af21649bb3e52caa9d9c3dd19dab312df6f869c39"
  name = "github.com/extrame/ole2"
  packages = ["."]
  pruneopts = "UT"
  revision = "d69429661ad7efb189d2ad8074c867265009d0a4"

[[projects]]
  digest = "1:2fbd3533f2f19ebbdfeced5598cfd3e923be25a5b4ee551bc6347d5329b95c54"
  name = "golang.org/x/text"
  packages = [
    "encoding",
    "encoding/charmap",
    "encoding/internal",
    "encoding/internal/identifier",
    "internal/gen",
    "transform",
    "unicode/cldr",
  ]
  pruneopts = "UT"
  revision = "23ae387dee1f90d29a23c0e87ee0b46038fbed0e"
  version = "v0.3.3"

[solve-meta]
  analyzer-name = "dep"
  analyzer-version = 1
  input-imports = [
    "github.com/extrame/goyymmdd",
    "github.com/extrame/ole2",
    "golang.org/x/text/encoding/charmap",
  ]
  solver-name = "gps-cdcl"
  solver-version = 1
